{
  "lockfileVersion": 1,
  "workspaces": {
    "": {
      "name": "rss-aggregator",
      "dependencies": {
        "fast-xml-parser": "^5.0.4",
        "hono": "^4.6.20",
        "prettier": "^3.5.0",
      },
      "devDependencies": {
        "@types/bun": "latest",
      },
    },
  },
  "packages": {
    "@types/bun": ["@types/bun@1.2.2", "", { "dependencies": { "bun-types": "1.2.2" } }, "sha512-tr74gdku+AEDN5ergNiBnplr7hpDp3V1h7fqI2GcR/rsUaM39jpSeKH0TFibRvU0KwniRx5POgaYnaXbk0hU+w=="],

    "@types/node": ["@types/node@22.13.1", "", { "dependencies": { "undici-types": "~6.20.0" } }, "sha512-jK8uzQlrvXqEU91UxiK5J7pKHyzgnI1Qnl0QDHIgVGuolJhRb9EEl28Cj9b3rGR8B2lhFCtvIm5os8lFnO/1Ew=="],

    "@types/ws": ["@types/ws@8.5.14", "", { "dependencies": { "@types/node": "*" } }, "sha512-bd/YFLW+URhBzMXurx7lWByOu+xzU9+kb3RboOteXYDfW+tr+JZa99OyNmPINEGB/ahzKrEuc8rcv4gnpJmxTw=="],

    "bun-types": ["bun-types@1.2.2", "", { "dependencies": { "@types/node": "*", "@types/ws": "~8.5.10" } }, "sha512-RCbMH5elr9gjgDGDhkTTugA21XtJAy/9jkKe/G3WR2q17VPGhcquf9Sir6uay9iW+7P/BV0CAHA1XlHXMAVKHg=="],

    "fast-xml-parser": ["fast-xml-parser@5.0.4", "", { "dependencies": { "strnum": "^2.0.2" }, "bin": { "fxparser": "src/cli/cli.js" } }, "sha512-nJty4D35pSpWoy9rbNa/uvZHbkmHSzv8kK5RE4t40Ru67f+l+zcJos/j3dAx+5Qlx7/6CMND5WytZ+L8MEoV/w=="],

    "hono": ["hono@4.7.0", "", {}, "sha512-hV97aIR4WYbG30k234sD9B3VNr1ZWdQRmrVF76LKFlmI7O9Yo70mG9+mFwyQ6Sjrz4wH71GfnBxv6CPjcx3QNw=="],

    "prettier": ["prettier@3.5.0", "", { "bin": { "prettier": "bin/prettier.cjs" } }, "sha512-quyMrVt6svPS7CjQ9gKb3GLEX/rl3BCL2oa/QkNcXv4YNVBC9olt3s+H7ukto06q7B1Qz46PbrKLO34PR6vXcA=="],

    "strnum": ["strnum@2.0.2", "", {}, "sha512-FHl2fmHvonQrrw9/5xzBqBOcIpdES1mkNSl617CKEu5HRB5P6v/4JtGohPPMZ7+7EmVn6HElt7/9Vl8N4vO63A=="],

    "undici-types": ["undici-types@6.20.0", "", {}, "sha512-Ny6QZ2Nju20vw1SRHe3d9jVu6gJ+4e3+MMpqu7pqE5HT6WsTSlce++GQmK5UXS8mzV8DSYHrQH+Xrf2jVcuKNg=="],
  }
}
